
Microsoft Visual Studio Solution File, Format Version 12.00
Project("{FAE04EC0-301F-11D3-BF4B-00C04F79EFBC}") = "PrimesFinal3", "PrimesFinal3\PrimesFinal3.csproj", "{E1F6C9D3-92B2-4C51-9B84-AB7734DED439}"
EndProject
Global
	GlobalSection(SolutionConfigurationPlatforms) = preSolution
		Debug|Any CPU = Debug|Any CPU
		Release|Any CPU = Release|Any CPU
	EndGlobalSection
	GlobalSection(ProjectConfigurationPlatforms) = postSolution
		{E1F6C9D3-92B2-4C51-9B84-AB7734DED439}.Debug|Any CPU.ActiveCfg = Debug|Any CPU
		{E1F6C9D3-92B2-4C51-9B84-AB7734DED439}.Debug|Any CPU.Build.0 = Debug|Any CPU
		{E1F6C9D3-92B2-4C51-9B84-AB7734DED439}.Release|Any CPU.ActiveCfg = Release|Any CPU
		{E1F6C9D3-92B2-4C51-9B84-AB7734DED439}.Release|Any CPU.Build.0 = Release|Any CPU
	EndGlobalSection
EndGlobal
